Microsoft Visual Studio Solution File, Format Version 12.00
# Visual Studio Version 17
VisualStudioVersion = 17.5.2.0
MinimumVisualStudioVersion = 10.0.40219.1
Project("{FAE04EC0-301F-11D3-BF4B-00C04F79EFBC}") = "blazorblog", "blazorblog.csproj", "{ECEE3BF6-60C2-4061-EEB1-EB5F4D587591}"
EndProject
Global
	GlobalSection(SolutionConfigurationPlatforms) = preSolution
		Debug|Any CPU = Debug|Any CPU
		Release|Any CPU = Release|Any CPU
	EndGlobalSection
	GlobalSection(ProjectConfigurationPlatforms) = postSolution
		{ECEE3BF6-60C2-4061-EEB1-EB5F4D587591}.Debug|Any CPU.ActiveCfg = Debug|Any CPU
		{ECEE3BF6-60C2-4061-EEB1-EB5F4D587591}.Debug|Any CPU.Build.0 = Debug|Any CPU
		{ECEE3BF6-60C2-4061-EEB1-EB5F4D587591}.Release|Any CPU.ActiveCfg = Release|Any CPU
		{ECEE3BF6-60C2-4061-EEB1-EB5F4D587591}.Release|Any CPU.Build.0 = Release|Any CPU
	EndGlobalSection
	GlobalSection(SolutionProperties) = preSolution
		HideSolutionNode = FALSE
	EndGlobalSection
	GlobalSection(ExtensibilityGlobals) = postSolution
		SolutionGuid = {AFF512AC-62FC-4514-BE8E-FCD19A9EB7D7}
	EndGlobalSection
EndGlobal
